
Microsoft Visual Studio Solution File, Format Version 12.00
# Visual Studio Version 16
VisualStudioVersion = 16.0.31105.61
MinimumVisualStudioVersion = 10.0.40219.1
Project("{9A19103F-16F7-4668-BE54-9A1E7A4F7556}") = "Memo.BlazorApp", "Memo.BlazorApp\Memo.BlazorApp.csproj", "{0D2D27CA-B82D-4650-9C5E-EFE232DF9C40}"
EndProject
Project("{9A19103F-16F7-4668-BE54-9A1E7A4F7556}") = "Memo.DataAccess", "Memo.DataAccess\Memo.DataAccess.csproj", "{EE37AC49-B29F-413D-B937-9F318F20C00F}"
EndProject
Project("{9A19103F-16F7-4668-BE54-9A1E7A4F7556}") = "Memo.DataAccess.Tests", "Memo.DataAccess.Tests\Memo.DataAccess.Tests.csproj", "{62C6C0C6-02C7-4DCD-AEE1-4E60EEEDF279}"
EndProject
Global
	GlobalSection(SolutionConfigurationPlatforms) = preSolution
		Debug|Any CPU = Debug|Any CPU
		Release|Any CPU = Release|Any CPU
	EndGlobalSection
	GlobalSection(ProjectConfigurationPlatforms) = postSolution
		{0D2D27CA-B82D-4650-9C5E-EFE232DF9C40}.Debug|Any CPU.ActiveCfg = Debug|Any CPU
		{0D2D27CA-B82D-4650-9C5E-EFE232DF9C40}.Debug|Any CPU.Build.0 = Debug|Any CPU
		{0D2D27CA-B82D-4650-9C5E-EFE232DF9C40}.Release|Any CPU.ActiveCfg = Release|Any CPU
		{0D2D27CA-B82D-4650-9C5E-EFE232DF9C40}.Release|Any CPU.Build.0 = Release|Any CPU
		{EE37AC49-B29F-413D-B937-9F318F20C00F}.Debug|Any CPU.ActiveCfg = Debug|Any CPU
		{EE37AC49-B29F-413D-B937-9F318F20C00F}.Debug|Any CPU.Build.0 = Debug|Any CPU
		{EE37AC49-B29F-413D-B937-9F318F20C00F}.Release|Any CPU.ActiveCfg = Release|Any CPU
		{EE37AC49-B29F-413D-B937-9F318F20C00F}.Release|Any CPU.Build.0 = Release|Any CPU
		{62C6C0C6-02C7-4DCD-AEE1-4E60EEEDF279}.Debug|Any CPU.ActiveCfg = Debug|Any CPU
		{62C6C0C6-02C7-4DCD-AEE1-4E60EEEDF279}.Debug|Any CPU.Build.0 = Debug|Any CPU
		{62C6C0C6-02C7-4DCD-AEE1-4E60EEEDF279}.Release|Any CPU.ActiveCfg = Release|Any CPU
		{62C6C0C6-02C7-4DCD-AEE1-4E60EEEDF279}.Release|Any CPU.Build.0 = Release|Any CPU
	EndGlobalSection
	GlobalSection(SolutionProperties) = preSolution
		HideSolutionNode = FALSE
	EndGlobalSection
	GlobalSection(ExtensibilityGlobals) = postSolution
		SolutionGuid = {ABB1B477-AC73-47B8-B089-5C08100808C0}
	EndGlobalSection
EndGlobal
